
Microsoft Visual Studio Solution File, Format Version 12.00
# Visual Studio Version 17
VisualStudioVersion = 17.4.33103.184
MinimumVisualStudioVersion = 10.0.40219.1
Project("{FAE04EC0-301F-11D3-BF4B-00C04F79EFBC}") = "Exclusion", "Exclusion.csproj", "{EF7B56C9-C4B5-420D-83F6-7FE37F0FBE9F}"
EndProject
Global
	GlobalSection(SolutionConfigurationPlatforms) = preSolution
		Debug|Any CPU = Debug|Any CPU
		Release|Any CPU = Release|Any CPU
	EndGlobalSection
	GlobalSection(ProjectConfigurationPlatforms) = postSolution
		{EF7B56C9-C4B5-420D-83F6-7FE37F0FBE9F}.Debug|Any CPU.ActiveCfg = Debug|Any CPU
		{EF7B56C9-C4B5-420D-83F6-7FE37F0FBE9F}.Debug|Any CPU.Build.0 = Debug|Any CPU
		{EF7B56C9-C4B5-420D-83F6-7FE37F0FBE9F}.Release|Any CPU.ActiveCfg = Release|Any CPU
		{EF7B56C9-C4B5-420D-83F6-7FE37F0FBE9F}.Release|Any CPU.Build.0 = Release|Any CPU
	EndGlobalSection
	GlobalSection(SolutionProperties) = preSolution
		HideSolutionNode = FALSE
	EndGlobalSection
	GlobalSection(ExtensibilityGlobals) = postSolution
		SolutionGuid = {BDFAD7D7-823E-4711-A80D-75B502FB7943}
	EndGlobalSection
EndGlobal
